// !$*UTF8*$!
{
	archiveVersion = 1;
	classes = {
	};
	objectVersion = 50;
	objects = {

/* Begin PBXBuildFile section */
		36097C2F2535A4ED0048B8F3 /* FirstViewController.swift in Sources */ = {isa = PBXBuildFile; fileRef = 36097C2E2535A4ED0048B8F3 /* FirstViewController.swift */; };
		36097C322535A4FA0048B8F3 /* ResultViewController.swift in Sources */ = {isa = PBXBuildFile; fileRef = 36097C312535A4FA0048B8F3 /* ResultViewController.swift */; };
		3686928325359A9C002EE895 /* AppDelegate.swift in Sources */ = {isa = PBXBuildFile; fileRef = 3686928225359A9C002EE895 /* AppDelegate.swift */; };
		3686928525359A9C002EE895 /* SceneDelegate.swift in Sources */ = {isa = PBXBuildFile; fileRef = 3686928425359A9C002EE895 /* SceneDelegate.swift */; };
		3686928725359A9C002EE895 /* ViewController.swift in Sources */ = {isa = PBXBuildFile; fileRef = 3686928625359A9C002EE895 /* ViewController.swift */; };
		3686928A25359A9C002EE895 /* Main.storyboard in Resources */ = {isa = PBXBuildFile; fileRef = 3686928825359A9C002EE895 /* Main.storyboard */; };
		3686928C25359A9F002EE895 /* Assets.xcassets in Resources */ = {isa = PBXBuildFile; fileRef = 3686928B25359A9F002EE895 /* Assets.xcassets */; };
		3686928F25359A9F002EE895 /* LaunchScreen.storyboard in Resources */ = {isa = PBXBuildFile; fileRef = 3686928D25359A9F002EE895 /* LaunchScreen.storyboard */; };
		3686929825359BB1002EE895 /* YellowViewController.swift in Sources */ = {isa = PBXBuildFile; fileRef = 3686929725359BB1002EE895 /* YellowViewController.swift */; };
/* End PBXBuildFile section */

/* Begin PBXFileReference section */
		36097C2E2535A4ED0048B8F3 /* FirstViewController.swift */ = {isa = PBXFileReference; lastKnownFileType = sourcecode.swift; path = FirstViewController.swift; sourceTree = "<group>"; };
		36097C312535A4FA0048B8F3 /* ResultViewController.swift */ = {isa = PBXFileReference; lastKnownFileType = sourcecode.swift; path = ResultViewController.swift; sourceTree = "<group>"; };
		3686927F25359A9C002EE895 /* 1stpractice.app */ = {isa = PBXFileReference; explicitFileType = wrapper.application; includeInIndex = 0; path = 1stpractice.app; sourceTree = BUILT_PRODUCTS_DIR; };
		3686928225359A9C002EE895 /* AppDelegate.swift */ = {isa = PBXFileReference; lastKnownFileType = sourcecode.swift; path = AppDelegate.swift; sourceTree = "<group>"; };
		3686928425359A9C002EE895 /* SceneDelegate.swift */ = {isa = PBXFileReference; lastKnownFileType = sourcecode.swift; path = SceneDelegate.swift; sourceTree = "<group>"; };
		3686928625359A9C002EE895 /* ViewController.swift */ = {isa = PBXFileReference; lastKnownFileType = sourcecode.swift; path = ViewController.swift; sourceTree = "<group>"; };
		3686928925359A9C002EE895 /* Base */ = {isa = PBXFileReference; lastKnownFileType = file.storyboard; name = Base; path = Base.lproj/Main.storyboard; sourceTree = "<group>"; };
		3686928B25359A9F002EE895 /* Assets.xcassets */ = {isa = PBXFileReference; lastKnownFileType = folder.assetcatalog; path = Assets.xcassets; sourceTree = "<group>"; };
		3686928E25359A9F002EE895 /* Base */ = {isa = PBXFileReference; lastKnownFileType = file.storyboard; name = Base; path = Base.lproj/LaunchScreen.storyboard; sourceTree = "<group>"; };
		3686929025359A9F002EE895 /* Info.plist */ = {isa = PBXFileReference; lastKnownFileType = text.plist.xml; path = Info.plist; sourceTree = "<group>"; };
		3686929725359BB1002EE895 /* YellowViewController.swift */ = {isa = PBXFileReference; lastKnownFileType = sourcecode.swift; path = YellowViewController.swift; sourceTree = "<group>"; };
/* End PBXFileReference section */

/* Begin PBXFrameworksBuildPhase section */
		3686927C25359A9C002EE895 /* Frameworks */ = {
			isa = PBXFrameworksBuildPhase;
			buildActionMask = 2147483647;
			files = (
			);
			runOnlyForDeploymentPostprocessing = 0;
		};
/* End PBXFrameworksBuildPhase section */

/* Begin PBXGroup section */
		3686927625359A9C002EE895 = {
			isa = PBXGroup;
			children = (
				3686928125359A9C002EE895 /* 1stpractice */,
				3686928025359A9C002EE895 /* Products */,
			);
			sourceTree = "<group>";
		};
		3686928025359A9C002EE895 /* Products */ = {
			isa = PBXGroup;
			children = (
				3686927F25359A9C002EE895 /* 1stpractice.app */,
			);
			name = Products;
			sourceTree = "<group>";
		};
		3686928125359A9C002EE895 /* 1stpractice */ = {
			isa = PBXGroup;
			children = (
				3686928225359A9C002EE895 /* AppDelegate.swift */,
				3686928425359A9C002EE895 /* SceneDelegate.swift */,
				3686928625359A9C002EE895 /* ViewController.swift */,
				3686929725359BB1002EE895 /* YellowViewController.swift */,
				3686928825359A9C002EE895 /* Main.storyboard */,
				36097C2E2535A4ED0048B8F3 /* FirstViewController.swift */,
				36097C312535A4FA0048B8F3 /* ResultViewController.swift */,
				3686928B25359A9F002EE895 /* Assets.xcassets */,
				3686928D25359A9F002EE895 /* LaunchScreen.storyboard */,
				3686929025359A9F002EE895 /* Info.plist */,
			);
			path = 1stpractice;
			sourceTree = "<group>";
		};
/* End PBXGroup section */

/* Begin PBXNativeTarget section */
		3686927E25359A9C002EE895 /* 1stpractice */ = {
			isa = PBXNativeTarget;
			buildConfigurationList = 3686929325359A9F002EE895 /* Build configuration list for PBXNativeTarget "1stpractice" */;
			buildPhases = (
				3686927B25359A9C002EE895 /* Sources */,
				3686927C25359A9C002EE895 /* Frameworks */,
				3686927D25359A9C002EE895 /* Resources */,
			);
			buildRules = (
			);
			dependencies = (
			);
			name = 1stpractice;
			productName = 1stpractice;
			productReference = 3686927F25359A9C002EE895 /* 1stpractice.app */;
			productType = "com.apple.product-type.application";
		};
/* End PBXNativeTarget section */

/* Begin PBXProject section */
		3686927725359A9C002EE895 /* Project object */ = {
			isa = PBXProject;
			attributes = {
				LastSwiftUpdateCheck = 1200;
				LastUpgradeCheck = 1200;
				TargetAttributes = {
					3686927E25359A9C002EE895 = {
						CreatedOnToolsVersion = 12.0;
					};
				};
			};
			buildConfigurationList = 3686927A25359A9C002EE895 /* Build configuration list for PBXProject "1stpractice" */;
			compatibilityVersion = "Xcode 9.3";
			developmentRegion = en;
			hasScannedForEncodings = 0;
			knownRegions = (
				en,
				Base,
			);
			mainGroup = 3686927625359A9C002EE895;
			productRefGroup = 3686928025359A9C002EE895 /* Products */;
			projectDirPath = "";
			projectRoot = "";
			targets = (
				3686927E25359A9C002EE895 /* 1stpractice */,
			);
		};
/* End PBXProject section */

/* Begin PBXResourcesBuildPhase section */
		3686927D25359A9C002EE895 /* Resources */ = {
			isa = PBXResourcesBuildPhase;
			buildActionMask = 2147483647;
			files = (
				3686928F25359A9F002EE895 /* LaunchScreen.storyboard in Resources */,
				3686928C25359A9F002EE895 /* Assets.xcassets in Resources */,
				3686928A25359A9C002EE895 /* Main.storyboard in Resources */,
			);
			runOnlyForDeploymentPostprocessing = 0;
		};
/* End PBXResourcesBuildPhase section */

/* Begin PBXSourcesBuildPhase section */
		3686927B25359A9C002EE895 /* Sources */ = {
			isa = PBXSourcesBuildPhase;
			buildActionMask = 2147483647;
			files = (
				36097C2F2535A4ED0048B8F3 /* FirstViewController.swift in Sources */,
				3686929825359BB1002EE895 /* YellowViewController.swift in Sources */,
				3686928725359A9C002EE895 /* ViewController.swift in Sources */,
				3686928325359A9C002EE895 /* AppDelegate.swift in Sources */,
				3686928525359A9C002EE895 /* SceneDelegate.swift in Sources */,
				36097C322535A4FA0048B8F3 /* ResultViewController.swift in Sources */,
			);
			runOnlyForDeploymentPostprocessing = 0;
		};
/* End PBXSourcesBuildPhase section */

/* Begin PBXVariantGroup section */
		3686928825359A9C002EE895 /* Main.storyboard */ = {
			isa = PBXVariantGroup;
			children = (
				3686928925359A9C002EE895 /* Base */,
			);
			name = Main.storyboard;
			sourceTree = "<group>";
		};
		3686928D25359A9F002EE895 /* LaunchScreen.storyboard */ = {
			isa = PBXVariantGroup;
			children = (
				3686928E25359A9F002EE895 /* Base */,
			);
			name = LaunchScreen.storyboard;
			sourceTree = "<group>";
		};
/* End PBXVariantGroup section */

/* Begin XCBuildConfiguration section */
		3686929125359A9F002EE895 /* Debug */ = {
			isa = XCBuildConfiguration;
			buildSettings = {
				ALWAYS_SEARCH_USER_PATHS = NO;
				CLANG_ANALYZER_NONNULL = YES;
				CLANG_ANALYZER_NUMBER_OBJECT_CONVERSION = YES_AGGRESSIVE;
				CLANG_CXX_LANGUAGE_STANDARD = "gnu++14";
				CLANG_CXX_LIBRARY = "libc++";
				CLANG_ENABLE_MODULES = YES;
				CLANG_ENABLE_OBJC_ARC = YES;
				CLANG_ENABLE_OBJC_WEAK = YES;
				CLANG_WARN_BLOCK_CAPTURE_AUTORELEASING = YES;
				CLANG_WARN_BOOL_CONVERSION = YES;
				CLANG_WARN_COMMA = YES;
				CLANG_WARN_CONSTANT_CONVERSION = YES;
				CLANG_WARN_DEPRECATED_OBJC_IMPLEMENTATIONS = YES;
				CLANG_WARN_DIRECT_OBJC_ISA_USAGE = YES_ERROR;
				CLANG_WARN_DOCUMENTATION_COMMENTS = YES;
				CLANG_WARN_EMPTY_BODY = YES;
				CLANG_WARN_ENUM_CONVERSION = YES;
				CLANG_WARN_INFINITE_RECURSION = YES;
				CLANG_WARN_INT_CONVERSION = YES;
				CLANG_WARN_NON_LITERAL_NULL_CONVERSION = YES;
				CLANG_WARN_OBJC_IMPLICIT_RETAIN_SELF = YES;
				CLANG_WARN_OBJC_LITERAL_CONVERSION = YES;
				CLANG_WARN_OBJC_ROOT_CLASS = YES_ERROR;
				CLANG_WARN_QUOTED_INCLUDE_IN_FRAMEWORK_HEADER = YES;
				CLANG_WARN_RANGE_LOOP_ANALYSIS = YES;
				CLANG_WARN_STRICT_PROTOTYPES = YES;
				CLANG_WARN_SUSPICIOUS_MOVE = YES;
				CLANG_WARN_UNGUARDED_AVAILABILITY = YES_AGGRESSIVE;
				CLANG_WARN_UNREACHABLE_CODE = YES;
				CLANG_WARN__DUPLICATE_METHOD_MATCH = YES;
				COPY_PHASE_STRIP = NO;
				DEBUG_INFORMATION_FORMAT = dwarf;
				ENABLE_STRICT_OBJC_MSGSEND = YES;
				ENABLE_TESTABILITY = YES;
				GCC_C_LANGUAGE_STANDARD = gnu11;
				GCC_DYNAMIC_NO_PIC = NO;
				GCC_NO_COMMON_BLOCKS = YES;
				GCC_OPTIMIZATION_LEVEL = 0;
				GCC_PREPROCESSOR_DEFINITIONS = (
					"DEBUG=1",
					"$(inherited)",
				);
				GCC_WARN_64_TO_32_BIT_CONVERSION = YES;
				GCC_WARN_ABOUT_RETURN_TYPE = YES_ERROR;
				GCC_WARN_UNDECLARED_SELECTOR = YES;
				GCC_WARN_UNINITIALIZED_AUTOS = YES_AGGRESSIVE;
				GCC_WARN_UNUSED_FUNCTION = YES;
				GCC_WARN_UNUSED_VARIABLE = YES;
				IPHONEOS_DEPLOYMENT_TARGET = 14.0;
				MTL_ENABLE_DEBUG_INFO = INCLUDE_SOURCE;
				MTL_FAST_MATH = YES;
				ONLY_ACTIVE_ARCH = YES;
				SDKROOT = iphoneos;
				SWIFT_ACTIVE_COMPILATION_CONDITIONS = DEBUG;
				SWIFT_OPTIMIZATION_LEVEL = "-Onone";
			};
			name = Debug;
		};
		3686929225359A9F002EE895 /* Release */ = {
			isa = XCBuildConfiguration;
			buildSettings = {
				ALWAYS_SEARCH_USER_PATHS = NO;
				CLANG_ANALYZER_NONNULL = YES;
				CLANG_ANALYZER_NUMBER_OBJECT_CONVERSION = YES_AGGRESSIVE;
				CLANG_CXX_LANGUAGE_STANDARD = "gnu++14";
				CLANG_CXX_LIBRARY = "libc++";
				CLANG_ENABLE_MODULES = YES;
				CLANG_ENABLE_OBJC_ARC = YES;
				CLANG_ENABLE_OBJC_WEAK = YES;
				CLANG_WARN_BLOCK_CAPTURE_AUTORELEASING = YES;
				CLANG_WARN_BOOL_CONVERSION = YES;
				CLANG_WARN_COMMA = YES;
				CLANG_WARN_CONSTANT_CONVERSION = YES;
				CLANG_WARN_DEPRECATED_OBJC_IMPLEMENTATIONS = YES;
				CLANG_WARN_DIRECT_OBJC_ISA_USAGE = YES_ERROR;
				CLANG_WARN_DOCUMENTATION_COMMENTS = YES;
				CLANG_WARN_EMPTY_BODY = YES;
				CLANG_WARN_ENUM_CONVERSION = YES;
				CLANG_WARN_INFINITE_RECURSION = YES;
				CLANG_WARN_INT_CONVERSION = YES;
				CLANG_WARN_NON_LITERAL_NULL_CONVERSION = YES;
				CLANG_WARN_OBJC_IMPLICIT_RETAIN_SELF = YES;
				CLANG_WARN_OBJC_LITERAL_CONVERSION = YES;
				CLANG_WARN_OBJC_ROOT_CLASS = YES_ERROR;
				CLANG_WARN_QUOTED_INCLUDE_IN_FRAMEWORK_HEADER = YES;
				CLANG_WARN_RANGE_LOOP_ANALYSIS = YES;
				CLANG_WARN_STRICT_PROTOTYPES = YES;
				CLANG_WARN_SUSPICIOUS_MOVE = YES;
				CLANG_WARN_UNGUARDED_AVAILABILITY = YES_AGGRESSIVE;
				CLANG_WARN_UNREACHABLE_CODE = YES;
				CLANG_WARN__DUPLICATE_METHOD_MATCH = YES;
				COPY_PHASE_STRIP = NO;
				DEBUG_INFORMATION_FORMAT = "dwarf-with-dsym";
				ENABLE_NS_ASSERTIONS = NO;
				ENABLE_STRICT_OBJC_MSGSEND = YES;
				GCC_C_LANGUAGE_STANDARD = gnu11;
				GCC_NO_COMMON_BLOCKS = YES;
				GCC_WARN_64_TO_32_BIT_CONVERSION = YES;
				GCC_WARN_ABOUT_RETURN_TYPE = YES_ERROR;
				GCC_WARN_UNDECLARED_SELECTOR = YES;
				GCC_WARN_UNINITIALIZED_AUTOS = YES_AGGRESSIVE;
				GCC_WARN_UNUSED_FUNCTION = YES;
				GCC_WARN_UNUSED_VARIABLE = YES;
				IPHONEOS_DEPLOYMENT_TARGET = 14.0;
				MTL_ENABLE_DEBUG_INFO = NO;
				MTL_FAST_MATH = YES;
				SDKROOT = iphoneos;
				SWIFT_COMPILATION_MODE = wholemodule;
				SWIFT_OPTIMIZATION_LEVEL = "-O";
				VALIDATE_PRODUCT = YES;
			};
			name = Release;
		};
		3686929425359A9F002EE895 /* Debug */ = {
			isa = XCBuildConfiguration;
			buildSettings = {
				ASSETCATALOG_COMPILER_APPICON_NAME = AppIcon;
				ASSETCATALOG_COMPILER_GLOBAL_ACCENT_COLOR_NAME = AccentColor;
				CODE_SIGN_STYLE = Automatic;
				INFOPLIST_FILE = 1stpractice/Info.plist;
				LD_RUNPATH_SEARCH_PATHS = (
					"$(inherited)",
					"@executable_path/Frameworks",
				);
				PRODUCT_BUNDLE_IDENTIFIER = "ios.pk33n.-stpractice";
				PRODUCT_NAME = "$(TARGET_NAME)";
				SWIFT_VERSION = 5.0;
				TARGETED_DEVICE_FAMILY = "1,2";
			};
			name = Debug;
		};
		3686929525359A9F002EE895 /* Release */ = {
			isa = XCBuildConfiguration;
			buildSettings = {
				ASSETCATALOG_COMPILER_APPICON_NAME = AppIcon;
				ASSETCATALOG_COMPILER_GLOBAL_ACCENT_COLOR_NAME = AccentColor;
				CODE_SIGN_STYLE = Automatic;
				INFOPLIST_FILE = 1stpractice/Info.plist;
				LD_RUNPATH_SEARCH_PATHS = (
					"$(inherited)",
					"@executable_path/Frameworks",
				);
				PRODUCT_BUNDLE_IDENTIFIER = "ios.pk33n.-stpractice";
				PRODUCT_NAME = "$(TARGET_NAME)";
				SWIFT_VERSION = 5.0;
				TARGETED_DEVICE_FAMILY = "1,2";
			};
			name = Release;
		};
/* End XCBuildConfiguration section */

/* Begin XCConfigurationList section */
		3686927A25359A9C002EE895 /* Build configuration list for PBXProject "1stpractice" */ = {
			isa = XCConfigurationList;
			buildConfigurations = (
				3686929125359A9F002EE895 /* Debug */,
				3686929225359A9F002EE895 /* Release */,
			);
			defaultConfigurationIsVisible = 0;
			defaultConfigurationName = Release;
		};
		3686929325359A9F002EE895 /* Build configuration list for PBXNativeTarget "1stpractice" */ = {
			isa = XCConfigurationList;
			buildConfigurations = (
				3686929425359A9F002EE895 /* Debug */,
				3686929525359A9F002EE895 /* Release */,
			);
			defaultConfigurationIsVisible = 0;
			defaultConfigurationName = Release;
		};
/* End XCConfigurationList section */
	};
	rootObject = 3686927725359A9C002EE895 /* Project object */;
}
