// !$*UTF8*$!
{
	archiveVersion = 1;
	classes = {
	};
	objectVersion = 51;
	objects = {

/* Begin PBXBuildFile section */
		3626A33B256D2EE4006979A6 /* SignUp.storyboard in Resources */ = {isa = PBXBuildFile; fileRef = 3626A33A256D2EE4006979A6 /* SignUp.storyboard */; };
		3626A341256D3021006979A6 /* SignUpVC.swift in Sources */ = {isa = PBXBuildFile; fileRef = 3626A340256D3021006979A6 /* SignUpVC.swift */; };
		367DABAD256D183F007DC183 /* AppDelegate.swift in Sources */ = {isa = PBXBuildFile; fileRef = 367DABAC256D183F007DC183 /* AppDelegate.swift */; };
		367DABAF256D183F007DC183 /* SceneDelegate.swift in Sources */ = {isa = PBXBuildFile; fileRef = 367DABAE256D183F007DC183 /* SceneDelegate.swift */; };
		367DABB1256D183F007DC183 /* ViewController.swift in Sources */ = {isa = PBXBuildFile; fileRef = 367DABB0256D183F007DC183 /* ViewController.swift */; };
		367DABB4256D183F007DC183 /* Main.storyboard in Resources */ = {isa = PBXBuildFile; fileRef = 367DABB2256D183F007DC183 /* Main.storyboard */; };
		367DABB6256D1841007DC183 /* Assets.xcassets in Resources */ = {isa = PBXBuildFile; fileRef = 367DABB5256D1841007DC183 /* Assets.xcassets */; };
		367DABB9256D1841007DC183 /* LaunchScreen.storyboard in Resources */ = {isa = PBXBuildFile; fileRef = 367DABB7256D1841007DC183 /* LaunchScreen.storyboard */; };
		367DABC3256D1AC6007DC183 /* Login.storyboard in Resources */ = {isa = PBXBuildFile; fileRef = 367DABC2256D1AC6007DC183 /* Login.storyboard */; };
		367DABC6256D1AE0007DC183 /* LoginVC.swift in Sources */ = {isa = PBXBuildFile; fileRef = 367DABC5256D1AE0007DC183 /* LoginVC.swift */; };
		367DABC9256D1E50007DC183 /* APIConstants.swift in Sources */ = {isa = PBXBuildFile; fileRef = 367DABC8256D1E50007DC183 /* APIConstants.swift */; };
		367DABCC256D1E9C007DC183 /* GenericResponse.swift in Sources */ = {isa = PBXBuildFile; fileRef = 367DABCB256D1E9C007DC183 /* GenericResponse.swift */; };
		367DABCF256D1F14007DC183 /* SigninData.swift in Sources */ = {isa = PBXBuildFile; fileRef = 367DABCE256D1F14007DC183 /* SigninData.swift */; };
		367DABD2256D2856007DC183 /* NetworkResult.swift in Sources */ = {isa = PBXBuildFile; fileRef = 367DABD1256D2856007DC183 /* NetworkResult.swift */; };
		367DABD5256D2877007DC183 /* AuthService.swift in Sources */ = {isa = PBXBuildFile; fileRef = 367DABD4256D2877007DC183 /* AuthService.swift */; };
		3690A11A25703DFC00532D5A /* SignUpData.swift in Sources */ = {isa = PBXBuildFile; fileRef = 3690A11925703DFC00532D5A /* SignUpData.swift */; };
		52201544A3EBB819F52E54B3 /* Pods_SOPT_iOS_6th_seminar.framework in Frameworks */ = {isa = PBXBuildFile; fileRef = 879916C546190BCD1021BFA9 /* Pods_SOPT_iOS_6th_seminar.framework */; };
/* End PBXBuildFile section */

/* Begin PBXFileReference section */
		3626A33A256D2EE4006979A6 /* SignUp.storyboard */ = {isa = PBXFileReference; lastKnownFileType = file.storyboard; path = SignUp.storyboard; sourceTree = "<group>"; };
		3626A340256D3021006979A6 /* SignUpVC.swift */ = {isa = PBXFileReference; lastKnownFileType = sourcecode.swift; path = SignUpVC.swift; sourceTree = "<group>"; };
		367DABA9256D183F007DC183 /* SOPT_iOS_6th_seminar.app */ = {isa = PBXFileReference; explicitFileType = wrapper.application; includeInIndex = 0; path = SOPT_iOS_6th_seminar.app; sourceTree = BUILT_PRODUCTS_DIR; };
		367DABAC256D183F007DC183 /* AppDelegate.swift */ = {isa = PBXFileReference; lastKnownFileType = sourcecode.swift; path = AppDelegate.swift; sourceTree = "<group>"; };
		367DABAE256D183F007DC183 /* SceneDelegate.swift */ = {isa = PBXFileReference; lastKnownFileType = sourcecode.swift; path = SceneDelegate.swift; sourceTree = "<group>"; };
		367DABB0256D183F007DC183 /* ViewController.swift */ = {isa = PBXFileReference; lastKnownFileType = sourcecode.swift; path = ViewController.swift; sourceTree = "<group>"; };
		367DABB3256D183F007DC183 /* Base */ = {isa = PBXFileReference; lastKnownFileType = file.storyboard; name = Base; path = Base.lproj/Main.storyboard; sourceTree = "<group>"; };
		367DABB5256D1841007DC183 /* Assets.xcassets */ = {isa = PBXFileReference; lastKnownFileType = folder.assetcatalog; path = Assets.xcassets; sourceTree = "<group>"; };
		367DABB8256D1841007DC183 /* Base */ = {isa = PBXFileReference; lastKnownFileType = file.storyboard; name = Base; path = Base.lproj/LaunchScreen.storyboard; sourceTree = "<group>"; };
		367DABBA256D1841007DC183 /* Info.plist */ = {isa = PBXFileReference; lastKnownFileType = text.plist.xml; path = Info.plist; sourceTree = "<group>"; };
		367DABC2256D1AC6007DC183 /* Login.storyboard */ = {isa = PBXFileReference; lastKnownFileType = file.storyboard; path = Login.storyboard; sourceTree = "<group>"; };
		367DABC5256D1AE0007DC183 /* LoginVC.swift */ = {isa = PBXFileReference; lastKnownFileType = sourcecode.swift; path = LoginVC.swift; sourceTree = "<group>"; };
		367DABC8256D1E50007DC183 /* APIConstants.swift */ = {isa = PBXFileReference; lastKnownFileType = sourcecode.swift; path = APIConstants.swift; sourceTree = "<group>"; };
		367DABCB256D1E9C007DC183 /* GenericResponse.swift */ = {isa = PBXFileReference; lastKnownFileType = sourcecode.swift; path = GenericResponse.swift; sourceTree = "<group>"; };
		367DABCE256D1F14007DC183 /* SigninData.swift */ = {isa = PBXFileReference; lastKnownFileType = sourcecode.swift; path = SigninData.swift; sourceTree = "<group>"; };
		367DABD1256D2856007DC183 /* NetworkResult.swift */ = {isa = PBXFileReference; lastKnownFileType = sourcecode.swift; path = NetworkResult.swift; sourceTree = "<group>"; };
		367DABD4256D2877007DC183 /* AuthService.swift */ = {isa = PBXFileReference; lastKnownFileType = sourcecode.swift; path = AuthService.swift; sourceTree = "<group>"; };
		3690A11925703DFC00532D5A /* SignUpData.swift */ = {isa = PBXFileReference; lastKnownFileType = sourcecode.swift; path = SignUpData.swift; sourceTree = "<group>"; };
		6B8FAAE7F0E90F09A4C0AA6C /* Pods-SOPT_iOS_6th_seminar.release.xcconfig */ = {isa = PBXFileReference; includeInIndex = 1; lastKnownFileType = text.xcconfig; name = "Pods-SOPT_iOS_6th_seminar.release.xcconfig"; path = "Target Support Files/Pods-SOPT_iOS_6th_seminar/Pods-SOPT_iOS_6th_seminar.release.xcconfig"; sourceTree = "<group>"; };
		801ECC55B44560778CB15865 /* Pods-SOPT_iOS_6th_seminar.debug.xcconfig */ = {isa = PBXFileReference; includeInIndex = 1; lastKnownFileType = text.xcconfig; name = "Pods-SOPT_iOS_6th_seminar.debug.xcconfig"; path = "Target Support Files/Pods-SOPT_iOS_6th_seminar/Pods-SOPT_iOS_6th_seminar.debug.xcconfig"; sourceTree = "<group>"; };
		879916C546190BCD1021BFA9 /* Pods_SOPT_iOS_6th_seminar.framework */ = {isa = PBXFileReference; explicitFileType = wrapper.framework; includeInIndex = 0; path = Pods_SOPT_iOS_6th_seminar.framework; sourceTree = BUILT_PRODUCTS_DIR; };
/* End PBXFileReference section */

/* Begin PBXFrameworksBuildPhase section */
		367DABA6256D183F007DC183 /* Frameworks */ = {
			isa = PBXFrameworksBuildPhase;
			buildActionMask = 2147483647;
			files = (
				52201544A3EBB819F52E54B3 /* Pods_SOPT_iOS_6th_seminar.framework in Frameworks */,
			);
			runOnlyForDeploymentPostprocessing = 0;
		};
/* End PBXFrameworksBuildPhase section */

/* Begin PBXGroup section */
		367DABA0256D183F007DC183 = {
			isa = PBXGroup;
			children = (
				367DABAB256D183F007DC183 /* SOPT_iOS_6th_seminar */,
				367DABAA256D183F007DC183 /* Products */,
				3E0E274C65CE4209FFFFFE2F /* Pods */,
				F6DF6255BB614FAF430B90B5 /* Frameworks */,
			);
			sourceTree = "<group>";
		};
		367DABAA256D183F007DC183 /* Products */ = {
			isa = PBXGroup;
			children = (
				367DABA9256D183F007DC183 /* SOPT_iOS_6th_seminar.app */,
			);
			name = Products;
			sourceTree = "<group>";
		};
		367DABAB256D183F007DC183 /* SOPT_iOS_6th_seminar */ = {
			isa = PBXGroup;
			children = (
				367DABAC256D183F007DC183 /* AppDelegate.swift */,
				367DABAE256D183F007DC183 /* SceneDelegate.swift */,
				367DABB0256D183F007DC183 /* ViewController.swift */,
				367DABC2256D1AC6007DC183 /* Login.storyboard */,
				367DABC5256D1AE0007DC183 /* LoginVC.swift */,
				3626A33A256D2EE4006979A6 /* SignUp.storyboard */,
				3626A340256D3021006979A6 /* SignUpVC.swift */,
				367DABB2256D183F007DC183 /* Main.storyboard */,
				367DABB5256D1841007DC183 /* Assets.xcassets */,
				367DABB7256D1841007DC183 /* LaunchScreen.storyboard */,
				367DABBA256D1841007DC183 /* Info.plist */,
				367DABC8256D1E50007DC183 /* APIConstants.swift */,
				367DABCB256D1E9C007DC183 /* GenericResponse.swift */,
				367DABCE256D1F14007DC183 /* SigninData.swift */,
				3690A11925703DFC00532D5A /* SignUpData.swift */,
				367DABD1256D2856007DC183 /* NetworkResult.swift */,
				367DABD4256D2877007DC183 /* AuthService.swift */,
			);
			path = SOPT_iOS_6th_seminar;
			sourceTree = "<group>";
		};
		3E0E274C65CE4209FFFFFE2F /* Pods */ = {
			isa = PBXGroup;
			children = (
				801ECC55B44560778CB15865 /* Pods-SOPT_iOS_6th_seminar.debug.xcconfig */,
				6B8FAAE7F0E90F09A4C0AA6C /* Pods-SOPT_iOS_6th_seminar.release.xcconfig */,
			);
			path = Pods;
			sourceTree = "<group>";
		};
		F6DF6255BB614FAF430B90B5 /* Frameworks */ = {
			isa = PBXGroup;
			children = (
				879916C546190BCD1021BFA9 /* Pods_SOPT_iOS_6th_seminar.framework */,
			);
			name = Frameworks;
			sourceTree = "<group>";
		};
/* End PBXGroup section */

/* Begin PBXNativeTarget section */
		367DABA8256D183F007DC183 /* SOPT_iOS_6th_seminar */ = {
			isa = PBXNativeTarget;
			buildConfigurationList = 367DABBD256D1841007DC183 /* Build configuration list for PBXNativeTarget "SOPT_iOS_6th_seminar" */;
			buildPhases = (
				8E6D8E4D1A69F877CB992883 /* [CP] Check Pods Manifest.lock */,
				367DABA5256D183F007DC183 /* Sources */,
				367DABA6256D183F007DC183 /* Frameworks */,
				367DABA7256D183F007DC183 /* Resources */,
				3592FDF5AC66F9171EDBA21F /* [CP] Embed Pods Frameworks */,
			);
			buildRules = (
			);
			dependencies = (
			);
			name = SOPT_iOS_6th_seminar;
			productName = SOPT_iOS_6th_seminar;
			productReference = 367DABA9256D183F007DC183 /* SOPT_iOS_6th_seminar.app */;
			productType = "com.apple.product-type.application";
		};
/* End PBXNativeTarget section */

/* Begin PBXProject section */
		367DABA1256D183F007DC183 /* Project object */ = {
			isa = PBXProject;
			attributes = {
				LastSwiftUpdateCheck = 1200;
				LastUpgradeCheck = 1200;
				TargetAttributes = {
					367DABA8256D183F007DC183 = {
						CreatedOnToolsVersion = 12.0;
					};
				};
			};
			buildConfigurationList = 367DABA4256D183F007DC183 /* Build configuration list for PBXProject "SOPT_iOS_6th_seminar" */;
			compatibilityVersion = "Xcode 9.3";
			developmentRegion = en;
			hasScannedForEncodings = 0;
			knownRegions = (
				en,
				Base,
			);
			mainGroup = 367DABA0256D183F007DC183;
			productRefGroup = 367DABAA256D183F007DC183 /* Products */;
			projectDirPath = "";
			projectRoot = "";
			targets = (
				367DABA8256D183F007DC183 /* SOPT_iOS_6th_seminar */,
			);
		};
/* End PBXProject section */

/* Begin PBXResourcesBuildPhase section */
		367DABA7256D183F007DC183 /* Resources */ = {
			isa = PBXResourcesBuildPhase;
			buildActionMask = 2147483647;
			files = (
				367DABC3256D1AC6007DC183 /* Login.storyboard in Resources */,
				367DABB9256D1841007DC183 /* LaunchScreen.storyboard in Resources */,
				367DABB6256D1841007DC183 /* Assets.xcassets in Resources */,
				367DABB4256D183F007DC183 /* Main.storyboard in Resources */,
				3626A33B256D2EE4006979A6 /* SignUp.storyboard in Resources */,
			);
			runOnlyForDeploymentPostprocessing = 0;
		};
/* End PBXResourcesBuildPhase section */

/* Begin PBXShellScriptBuildPhase section */
		3592FDF5AC66F9171EDBA21F /* [CP] Embed Pods Frameworks */ = {
			isa = PBXShellScriptBuildPhase;
			buildActionMask = 2147483647;
			files = (
			);
			inputFileListPaths = (
				"${PODS_ROOT}/Target Support Files/Pods-SOPT_iOS_6th_seminar/Pods-SOPT_iOS_6th_seminar-frameworks-${CONFIGURATION}-input-files.xcfilelist",
			);
			name = "[CP] Embed Pods Frameworks";
			outputFileListPaths = (
				"${PODS_ROOT}/Target Support Files/Pods-SOPT_iOS_6th_seminar/Pods-SOPT_iOS_6th_seminar-frameworks-${CONFIGURATION}-output-files.xcfilelist",
			);
			runOnlyForDeploymentPostprocessing = 0;
			shellPath = /bin/sh;
			shellScript = "\"${PODS_ROOT}/Target Support Files/Pods-SOPT_iOS_6th_seminar/Pods-SOPT_iOS_6th_seminar-frameworks.sh\"\n";
			showEnvVarsInLog = 0;
		};
		8E6D8E4D1A69F877CB992883 /* [CP] Check Pods Manifest.lock */ = {
			isa = PBXShellScriptBuildPhase;
			buildActionMask = 2147483647;
			files = (
			);
			inputFileListPaths = (
			);
			inputPaths = (
				"${PODS_PODFILE_DIR_PATH}/Podfile.lock",
				"${PODS_ROOT}/Manifest.lock",
			);
			name = "[CP] Check Pods Manifest.lock";
			outputFileListPaths = (
			);
			outputPaths = (
				"$(DERIVED_FILE_DIR)/Pods-SOPT_iOS_6th_seminar-checkManifestLockResult.txt",
			);
			runOnlyForDeploymentPostprocessing = 0;
			shellPath = /bin/sh;
			shellScript = "diff \"${PODS_PODFILE_DIR_PATH}/Podfile.lock\" \"${PODS_ROOT}/Manifest.lock\" > /dev/null\nif [ $? != 0 ] ; then\n    # print error to STDERR\n    echo \"error: The sandbox is not in sync with the Podfile.lock. Run 'pod install' or update your CocoaPods installation.\" >&2\n    exit 1\nfi\n# This output is used by Xcode 'outputs' to avoid re-running this script phase.\necho \"SUCCESS\" > \"${SCRIPT_OUTPUT_FILE_0}\"\n";
			showEnvVarsInLog = 0;
		};
/* End PBXShellScriptBuildPhase section */

/* Begin PBXSourcesBuildPhase section */
		367DABA5256D183F007DC183 /* Sources */ = {
			isa = PBXSourcesBuildPhase;
			buildActionMask = 2147483647;
			files = (
				367DABCC256D1E9C007DC183 /* GenericResponse.swift in Sources */,
				367DABB1256D183F007DC183 /* ViewController.swift in Sources */,
				367DABC9256D1E50007DC183 /* APIConstants.swift in Sources */,
				367DABD5256D2877007DC183 /* AuthService.swift in Sources */,
				367DABAD256D183F007DC183 /* AppDelegate.swift in Sources */,
				367DABCF256D1F14007DC183 /* SigninData.swift in Sources */,
				367DABC6256D1AE0007DC183 /* LoginVC.swift in Sources */,
				367DABAF256D183F007DC183 /* SceneDelegate.swift in Sources */,
				3626A341256D3021006979A6 /* SignUpVC.swift in Sources */,
				3690A11A25703DFC00532D5A /* SignUpData.swift in Sources */,
				367DABD2256D2856007DC183 /* NetworkResult.swift in Sources */,
			);
			runOnlyForDeploymentPostprocessing = 0;
		};
/* End PBXSourcesBuildPhase section */

/* Begin PBXVariantGroup section */
		367DABB2256D183F007DC183 /* Main.storyboard */ = {
			isa = PBXVariantGroup;
			children = (
				367DABB3256D183F007DC183 /* Base */,
			);
			name = Main.storyboard;
			sourceTree = "<group>";
		};
		367DABB7256D1841007DC183 /* LaunchScreen.storyboard */ = {
			isa = PBXVariantGroup;
			children = (
				367DABB8256D1841007DC183 /* Base */,
			);
			name = LaunchScreen.storyboard;
			sourceTree = "<group>";
		};
/* End PBXVariantGroup section */

/* Begin XCBuildConfiguration section */
		367DABBB256D1841007DC183 /* Debug */ = {
			isa = XCBuildConfiguration;
			buildSettings = {
				ALWAYS_SEARCH_USER_PATHS = NO;
				CLANG_ANALYZER_NONNULL = YES;
				CLANG_ANALYZER_NUMBER_OBJECT_CONVERSION = YES_AGGRESSIVE;
				CLANG_CXX_LANGUAGE_STANDARD = "gnu++14";
				CLANG_CXX_LIBRARY = "libc++";
				CLANG_ENABLE_MODULES = YES;
				CLANG_ENABLE_OBJC_ARC = YES;
				CLANG_ENABLE_OBJC_WEAK = YES;
				CLANG_WARN_BLOCK_CAPTURE_AUTORELEASING = YES;
				CLANG_WARN_BOOL_CONVERSION = YES;
				CLANG_WARN_COMMA = YES;
				CLANG_WARN_CONSTANT_CONVERSION = YES;
				CLANG_WARN_DEPRECATED_OBJC_IMPLEMENTATIONS = YES;
				CLANG_WARN_DIRECT_OBJC_ISA_USAGE = YES_ERROR;
				CLANG_WARN_DOCUMENTATION_COMMENTS = YES;
				CLANG_WARN_EMPTY_BODY = YES;
				CLANG_WARN_ENUM_CONVERSION = YES;
				CLANG_WARN_INFINITE_RECURSION = YES;
				CLANG_WARN_INT_CONVERSION = YES;
				CLANG_WARN_NON_LITERAL_NULL_CONVERSION = YES;
				CLANG_WARN_OBJC_IMPLICIT_RETAIN_SELF = YES;
				CLANG_WARN_OBJC_LITERAL_CONVERSION = YES;
				CLANG_WARN_OBJC_ROOT_CLASS = YES_ERROR;
				CLANG_WARN_QUOTED_INCLUDE_IN_FRAMEWORK_HEADER = YES;
				CLANG_WARN_RANGE_LOOP_ANALYSIS = YES;
				CLANG_WARN_STRICT_PROTOTYPES = YES;
				CLANG_WARN_SUSPICIOUS_MOVE = YES;
				CLANG_WARN_UNGUARDED_AVAILABILITY = YES_AGGRESSIVE;
				CLANG_WARN_UNREACHABLE_CODE = YES;
				CLANG_WARN__DUPLICATE_METHOD_MATCH = YES;
				COPY_PHASE_STRIP = NO;
				DEBUG_INFORMATION_FORMAT = dwarf;
				ENABLE_STRICT_OBJC_MSGSEND = YES;
				ENABLE_TESTABILITY = YES;
				GCC_C_LANGUAGE_STANDARD = gnu11;
				GCC_DYNAMIC_NO_PIC = NO;
				GCC_NO_COMMON_BLOCKS = YES;
				GCC_OPTIMIZATION_LEVEL = 0;
				GCC_PREPROCESSOR_DEFINITIONS = (
					"DEBUG=1",
					"$(inherited)",
				);
				GCC_WARN_64_TO_32_BIT_CONVERSION = YES;
				GCC_WARN_ABOUT_RETURN_TYPE = YES_ERROR;
				GCC_WARN_UNDECLARED_SELECTOR = YES;
				GCC_WARN_UNINITIALIZED_AUTOS = YES_AGGRESSIVE;
				GCC_WARN_UNUSED_FUNCTION = YES;
				GCC_WARN_UNUSED_VARIABLE = YES;
				IPHONEOS_DEPLOYMENT_TARGET = 14.0;
				MTL_ENABLE_DEBUG_INFO = INCLUDE_SOURCE;
				MTL_FAST_MATH = YES;
				ONLY_ACTIVE_ARCH = YES;
				SDKROOT = iphoneos;
				SWIFT_ACTIVE_COMPILATION_CONDITIONS = DEBUG;
				SWIFT_OPTIMIZATION_LEVEL = "-Onone";
			};
			name = Debug;
		};
		367DABBC256D1841007DC183 /* Release */ = {
			isa = XCBuildConfiguration;
			buildSettings = {
				ALWAYS_SEARCH_USER_PATHS = NO;
				CLANG_ANALYZER_NONNULL = YES;
				CLANG_ANALYZER_NUMBER_OBJECT_CONVERSION = YES_AGGRESSIVE;
				CLANG_CXX_LANGUAGE_STANDARD = "gnu++14";
				CLANG_CXX_LIBRARY = "libc++";
				CLANG_ENABLE_MODULES = YES;
				CLANG_ENABLE_OBJC_ARC = YES;
				CLANG_ENABLE_OBJC_WEAK = YES;
				CLANG_WARN_BLOCK_CAPTURE_AUTORELEASING = YES;
				CLANG_WARN_BOOL_CONVERSION = YES;
				CLANG_WARN_COMMA = YES;
				CLANG_WARN_CONSTANT_CONVERSION = YES;
				CLANG_WARN_DEPRECATED_OBJC_IMPLEMENTATIONS = YES;
				CLANG_WARN_DIRECT_OBJC_ISA_USAGE = YES_ERROR;
				CLANG_WARN_DOCUMENTATION_COMMENTS = YES;
				CLANG_WARN_EMPTY_BODY = YES;
				CLANG_WARN_ENUM_CONVERSION = YES;
				CLANG_WARN_INFINITE_RECURSION = YES;
				CLANG_WARN_INT_CONVERSION = YES;
				CLANG_WARN_NON_LITERAL_NULL_CONVERSION = YES;
				CLANG_WARN_OBJC_IMPLICIT_RETAIN_SELF = YES;
				CLANG_WARN_OBJC_LITERAL_CONVERSION = YES;
				CLANG_WARN_OBJC_ROOT_CLASS = YES_ERROR;
				CLANG_WARN_QUOTED_INCLUDE_IN_FRAMEWORK_HEADER = YES;
				CLANG_WARN_RANGE_LOOP_ANALYSIS = YES;
				CLANG_WARN_STRICT_PROTOTYPES = YES;
				CLANG_WARN_SUSPICIOUS_MOVE = YES;
				CLANG_WARN_UNGUARDED_AVAILABILITY = YES_AGGRESSIVE;
				CLANG_WARN_UNREACHABLE_CODE = YES;
				CLANG_WARN__DUPLICATE_METHOD_MATCH = YES;
				COPY_PHASE_STRIP = NO;
				DEBUG_INFORMATION_FORMAT = "dwarf-with-dsym";
				ENABLE_NS_ASSERTIONS = NO;
				ENABLE_STRICT_OBJC_MSGSEND = YES;
				GCC_C_LANGUAGE_STANDARD = gnu11;
				GCC_NO_COMMON_BLOCKS = YES;
				GCC_WARN_64_TO_32_BIT_CONVERSION = YES;
				GCC_WARN_ABOUT_RETURN_TYPE = YES_ERROR;
				GCC_WARN_UNDECLARED_SELECTOR = YES;
				GCC_WARN_UNINITIALIZED_AUTOS = YES_AGGRESSIVE;
				GCC_WARN_UNUSED_FUNCTION = YES;
				GCC_WARN_UNUSED_VARIABLE = YES;
				IPHONEOS_DEPLOYMENT_TARGET = 14.0;
				MTL_ENABLE_DEBUG_INFO = NO;
				MTL_FAST_MATH = YES;
				SDKROOT = iphoneos;
				SWIFT_COMPILATION_MODE = wholemodule;
				SWIFT_OPTIMIZATION_LEVEL = "-O";
				VALIDATE_PRODUCT = YES;
			};
			name = Release;
		};
		367DABBE256D1841007DC183 /* Debug */ = {
			isa = XCBuildConfiguration;
			baseConfigurationReference = 801ECC55B44560778CB15865 /* Pods-SOPT_iOS_6th_seminar.debug.xcconfig */;
			buildSettings = {
				ASSETCATALOG_COMPILER_APPICON_NAME = AppIcon;
				ASSETCATALOG_COMPILER_GLOBAL_ACCENT_COLOR_NAME = AccentColor;
				CODE_SIGN_STYLE = Automatic;
				INFOPLIST_FILE = SOPT_iOS_6th_seminar/Info.plist;
				LD_RUNPATH_SEARCH_PATHS = (
					"$(inherited)",
					"@executable_path/Frameworks",
				);
				PRODUCT_BUNDLE_IDENTIFIER = "ios.pk33n.SOPT-iOS-6th-seminar";
				PRODUCT_NAME = "$(TARGET_NAME)";
				SWIFT_VERSION = 5.0;
				TARGETED_DEVICE_FAMILY = "1,2";
			};
			name = Debug;
		};
		367DABBF256D1841007DC183 /* Release */ = {
			isa = XCBuildConfiguration;
			baseConfigurationReference = 6B8FAAE7F0E90F09A4C0AA6C /* Pods-SOPT_iOS_6th_seminar.release.xcconfig */;
			buildSettings = {
				ASSETCATALOG_COMPILER_APPICON_NAME = AppIcon;
				ASSETCATALOG_COMPILER_GLOBAL_ACCENT_COLOR_NAME = AccentColor;
				CODE_SIGN_STYLE = Automatic;
				INFOPLIST_FILE = SOPT_iOS_6th_seminar/Info.plist;
				LD_RUNPATH_SEARCH_PATHS = (
					"$(inherited)",
					"@executable_path/Frameworks",
				);
				PRODUCT_BUNDLE_IDENTIFIER = "ios.pk33n.SOPT-iOS-6th-seminar";
				PRODUCT_NAME = "$(TARGET_NAME)";
				SWIFT_VERSION = 5.0;
				TARGETED_DEVICE_FAMILY = "1,2";
			};
			name = Release;
		};
/* End XCBuildConfiguration section */

/* Begin XCConfigurationList section */
		367DABA4256D183F007DC183 /* Build configuration list for PBXProject "SOPT_iOS_6th_seminar" */ = {
			isa = XCConfigurationList;
			buildConfigurations = (
				367DABBB256D1841007DC183 /* Debug */,
				367DABBC256D1841007DC183 /* Release */,
			);
			defaultConfigurationIsVisible = 0;
			defaultConfigurationName = Release;
		};
		367DABBD256D1841007DC183 /* Build configuration list for PBXNativeTarget "SOPT_iOS_6th_seminar" */ = {
			isa = XCConfigurationList;
			buildConfigurations = (
				367DABBE256D1841007DC183 /* Debug */,
				367DABBF256D1841007DC183 /* Release */,
			);
			defaultConfigurationIsVisible = 0;
			defaultConfigurationName = Release;
		};
/* End XCConfigurationList section */
	};
	rootObject = 367DABA1256D183F007DC183 /* Project object */;
}
